{
  "name": "sls-api",
  "version": "1.0.0",
  "lockfileVersion": 1,
  "requires": true,
  "dependencies": {
    "@tokenizer/token": {
      "version": "0.1.1",
      "resolved": "https://registry.npmjs.org/@tokenizer/token/-/token-0.1.1.tgz",
      "integrity": "sha512-XO6INPbZCxdprl+9qa/AAbFFOMzzwqYxpjPgLICrMD6C2FCw6qfJOPcBk6JqqPLSaZ/Qx87qn4rpPmPMwaAK6w=="
    },
    "@types/debug": {
      "version": "4.1.5",
      "resolved": "https://registry.npmjs.org/@types/debug/-/debug-4.1.5.tgz",
      "integrity": "sha512-Q1y515GcOdTHgagaVFhHnIFQ38ygs/kmxdNpvpou+raI9UO3YZcHDngBSYKQklcKlvA7iuQlmIKbzvmxcOE9CQ=="
    },
    "file-type": {
      "version": "14.7.1",
      "resolved": "https://registry.npmjs.org/file-type/-/file-type-14.7.1.tgz",
      "integrity": "sha512-sXAMgFk67fQLcetXustxfKX+PZgHIUFn96Xld9uH8aXPdX3xOp0/jg9OdouVTvQrf7mrn+wAa4jN/y9fUOOiRA==",
      "requires": {
        "readable-web-to-node-stream": "^2.0.0",
        "strtok3": "^6.0.3",
        "token-types": "^2.0.0",
        "typedarray-to-buffer": "^3.1.5"
      }
    },
    "ieee754": {
      "version": "1.2.1",
      "resolved": "https://registry.npmjs.org/ieee754/-/ieee754-1.2.1.tgz",
      "integrity": "sha512-dcyqhDvX1C46lXZcVqCpK+FtMRQVdIMN6/Df5js2zouUsqG7I6sFxitIC+7KYK29KdXOLHdu9zL4sFnoVQnqaA=="
    },
    "is-typedarray": {
      "version": "1.0.0",
      "resolved": "https://registry.npmjs.org/is-typedarray/-/is-typedarray-1.0.0.tgz",
      "integrity": "sha1-5HnICFjfDBsR3dppQPlgEfzaSpo="
    },
    "peek-readable": {
      "version": "3.1.2",
      "resolved": "https://registry.npmjs.org/peek-readable/-/peek-readable-3.1.2.tgz",
      "integrity": "sha512-aJrwgM+VdX8VoIz5EE1Mg56a3g3s93wsV0bvCDQgvFNfnTr++Ij5eQWIz9VP8QyuL9+jFHR7iNPalrc1GvK2WA=="
    },
    "readable-web-to-node-stream": {
      "version": "2.0.0",
      "resolved": "https://registry.npmjs.org/readable-web-to-node-stream/-/readable-web-to-node-stream-2.0.0.tgz",
      "integrity": "sha512-+oZJurc4hXpaaqsN68GoZGQAQIA3qr09Or4fqEsargABnbe5Aau8hFn6ISVleT3cpY/0n/8drn7huyyEvTbghA=="
    },
    "strtok3": {
      "version": "6.0.7",
      "resolved": "https://registry.npmjs.org/strtok3/-/strtok3-6.0.7.tgz",
      "integrity": "sha512-D9O/aefUl/JLjfA//GQ0JX+nJMHiB5mkUQWWdjMnK+mB6PpzxDpnpajkDxuR18zYHvfXV44kDYrhT4UAeHRceg==",
      "requires": {
        "@tokenizer/token": "^0.1.1",
        "@types/debug": "^4.1.5",
        "peek-readable": "^3.1.2"
      }
    },
    "token-types": {
      "version": "2.1.0",
      "resolved": "https://registry.npmjs.org/token-types/-/token-types-2.1.0.tgz",
      "integrity": "sha512-1qf3CWuVNJkThHwD0E4VWJXwn3COAkEaOmqVtqHzHSznTHMUbw+3v8Teag4MBvWyGYK5Rti7aIrH06XoKpNxQg==",
      "requires": {
        "@tokenizer/token": "^0.1.1",
        "ieee754": "^1.1.13"
      }
    },
    "typedarray-to-buffer": {
      "version": "3.1.5",
      "resolved": "https://registry.npmjs.org/typedarray-to-buffer/-/typedarray-to-buffer-3.1.5.tgz",
      "integrity": "sha512-zdu8XMNEDepKKR+XYOXAVPtWui0ly0NtohUscw+UmaHiAWT8hrV1rr//H6V+0DvJ3OQ19S979M0laLfX8rm82Q==",
      "requires": {
        "is-typedarray": "^1.0.0"
      }
    },
    "uuid": {
      "version": "8.1.0",
      "resolved": "https://registry.npmjs.org/uuid/-/uuid-8.1.0.tgz",
      "integrity": "sha512-CI18flHDznR0lq54xBycOVmphdCYnQLKn8abKn7PXUiKUGdEd+/l9LWNJmugXel4hXq7S+RMNl34ecyC9TntWg=="
    }
  }
}
